
Microsoft Visual Studio Solution File, Format Version 12.00
# Visual Studio Version 17
VisualStudioVersion = 17.6.33829.357
MinimumVisualStudioVersion = 10.0.40219.1
Project("{FAE04EC0-301F-11D3-BF4B-00C04F79EFBC}") = "BaseWinFormApp", "BaseWinFormApp\BaseWinFormApp.csproj", "{E8734538-0B4C-49E8-9EA6-06ACEE70F567}"
EndProject
Project("{FAE04EC0-301F-11D3-BF4B-00C04F79EFBC}") = "FileT", "FileT\FileT.csproj", "{68360E4E-4033-46C8-9239-26968CEF6583}"
EndProject
Project("{FAE04EC0-301F-11D3-BF4B-00C04F79EFBC}") = "TimerT", "TimerT\TimerT.csproj", "{1111EB8E-AF0E-458F-A9F1-84F9354E5C54}"
EndProject
Project("{FAE04EC0-301F-11D3-BF4B-00C04F79EFBC}") = "SqlT", "SqlT\SqlT.csproj", "{61A56A7D-CAED-4387-91DA-D2166BAC224F}"
EndProject
Project("{FAE04EC0-301F-11D3-BF4B-00C04F79EFBC}") = "SysT", "SysT\SysT.csproj", "{CCA59D4B-34FA-4670-84A2-85EC377A2455}"
EndProject
Project("{FAE04EC0-301F-11D3-BF4B-00C04F79EFBC}") = "Desktop", "Desktop\Desktop.csproj", "{110F90B4-101E-4730-8D3A-5BAB19C0F1FB}"
EndProject
Global
	GlobalSection(SolutionConfigurationPlatforms) = preSolution
		Debug|Any CPU = Debug|Any CPU
		Release|Any CPU = Release|Any CPU
	EndGlobalSection
	GlobalSection(ProjectConfigurationPlatforms) = postSolution
		{E8734538-0B4C-49E8-9EA6-06ACEE70F567}.Debug|Any CPU.ActiveCfg = Debug|Any CPU
		{E8734538-0B4C-49E8-9EA6-06ACEE70F567}.Debug|Any CPU.Build.0 = Debug|Any CPU
		{E8734538-0B4C-49E8-9EA6-06ACEE70F567}.Release|Any CPU.ActiveCfg = Release|Any CPU
		{E8734538-0B4C-49E8-9EA6-06ACEE70F567}.Release|Any CPU.Build.0 = Release|Any CPU
		{68360E4E-4033-46C8-9239-26968CEF6583}.Debug|Any CPU.ActiveCfg = Debug|Any CPU
		{68360E4E-4033-46C8-9239-26968CEF6583}.Debug|Any CPU.Build.0 = Debug|Any CPU
		{68360E4E-4033-46C8-9239-26968CEF6583}.Release|Any CPU.ActiveCfg = Release|Any CPU
		{68360E4E-4033-46C8-9239-26968CEF6583}.Release|Any CPU.Build.0 = Release|Any CPU
		{1111EB8E-AF0E-458F-A9F1-84F9354E5C54}.Debug|Any CPU.ActiveCfg = Debug|Any CPU
		{1111EB8E-AF0E-458F-A9F1-84F9354E5C54}.Debug|Any CPU.Build.0 = Debug|Any CPU
		{1111EB8E-AF0E-458F-A9F1-84F9354E5C54}.Release|Any CPU.ActiveCfg = Release|Any CPU
		{1111EB8E-AF0E-458F-A9F1-84F9354E5C54}.Release|Any CPU.Build.0 = Release|Any CPU
		{61A56A7D-CAED-4387-91DA-D2166BAC224F}.Debug|Any CPU.ActiveCfg = Debug|Any CPU
		{61A56A7D-CAED-4387-91DA-D2166BAC224F}.Debug|Any CPU.Build.0 = Debug|Any CPU
		{61A56A7D-CAED-4387-91DA-D2166BAC224F}.Release|Any CPU.ActiveCfg = Release|Any CPU
		{61A56A7D-CAED-4387-91DA-D2166BAC224F}.Release|Any CPU.Build.0 = Release|Any CPU
		{CCA59D4B-34FA-4670-84A2-85EC377A2455}.Debug|Any CPU.ActiveCfg = Debug|Any CPU
		{CCA59D4B-34FA-4670-84A2-85EC377A2455}.Debug|Any CPU.Build.0 = Debug|Any CPU
		{CCA59D4B-34FA-4670-84A2-85EC377A2455}.Release|Any CPU.ActiveCfg = Release|Any CPU
		{CCA59D4B-34FA-4670-84A2-85EC377A2455}.Release|Any CPU.Build.0 = Release|Any CPU
		{110F90B4-101E-4730-8D3A-5BAB19C0F1FB}.Debug|Any CPU.ActiveCfg = Debug|Any CPU
		{110F90B4-101E-4730-8D3A-5BAB19C0F1FB}.Debug|Any CPU.Build.0 = Debug|Any CPU
		{110F90B4-101E-4730-8D3A-5BAB19C0F1FB}.Release|Any CPU.ActiveCfg = Release|Any CPU
		{110F90B4-101E-4730-8D3A-5BAB19C0F1FB}.Release|Any CPU.Build.0 = Release|Any CPU
	EndGlobalSection
	GlobalSection(SolutionProperties) = preSolution
		HideSolutionNode = FALSE
	EndGlobalSection
	GlobalSection(ExtensibilityGlobals) = postSolution
		SolutionGuid = {5606B3B6-422F-45A2-AA48-7D4E8A9DDFB0}
	EndGlobalSection
EndGlobal
